<Solution>
  <Project Path="Assembly-CSharp.csproj" />
  <Project Path="Assembly-CSharp-Editor.csproj" />
  <Project Path="NavMeshComponentsEditor.csproj" />
  <Project Path="NavMeshComponents.csproj" />
  <Project Path="SimpleSFXRuntime.csproj" />
  <Project Path="PackageManagerCheck.csproj" />
  <Project Path="WorldBuildingRuntime.csproj" />
  <Project Path="Skybox3DRuntime.csproj" />
</Solution>
